
Microsoft Visual Studio Solution File, Format Version 12.00
# Visual Studio Version 16
VisualStudioVersion = 16.0.30204.135
MinimumVisualStudioVersion = 10.0.40219.1
Project("{9A19103F-16F7-4668-BE54-9A1E7A4F7556}") = "ProAgil.WebApi", "ProAgil.WebApi.csproj", "{6906F092-40F2-435D-BA8B-99B21598BD6F}"
EndProject
Global
	GlobalSection(SolutionConfigurationPlatforms) = preSolution
		Debug|Any CPU = Debug|Any CPU
		Release|Any CPU = Release|Any CPU
	EndGlobalSection
	GlobalSection(ProjectConfigurationPlatforms) = postSolution
		{6906F092-40F2-435D-BA8B-99B21598BD6F}.Debug|Any CPU.ActiveCfg = Debug|Any CPU
		{6906F092-40F2-435D-BA8B-99B21598BD6F}.Debug|Any CPU.Build.0 = Debug|Any CPU
		{6906F092-40F2-435D-BA8B-99B21598BD6F}.Release|Any CPU.ActiveCfg = Release|Any CPU
		{6906F092-40F2-435D-BA8B-99B21598BD6F}.Release|Any CPU.Build.0 = Release|Any CPU
	EndGlobalSection
	GlobalSection(SolutionProperties) = preSolution
		HideSolutionNode = FALSE
	EndGlobalSection
	GlobalSection(ExtensibilityGlobals) = postSolution
		SolutionGuid = {6EF91E7F-3304-4F88-B974-A4C037AA1171}
	EndGlobalSection
EndGlobal
